
Microsoft Visual Studio Solution File, Format Version 12.00
# Visual Studio Version 16
VisualStudioVersion = 16.0.28803.352
MinimumVisualStudioVersion = 10.0.40219.1
Project("{FAE04EC0-301F-11D3-BF4B-00C04F79EFBC}") = "YourDollar.API", "YourDollar.API\YourDollar.API.csproj", "{C71251F1-80BC-4826-9B0E-49ADBF594A3E}"
EndProject
Project("{FAE04EC0-301F-11D3-BF4B-00C04F79EFBC}") = "YourDollar.API.Core", "YourDollar.API.Core\YourDollar.API.Core.csproj", "{9C9FC14C-EA18-411C-AC22-1EF427D93C36}"
EndProject
Project("{FAE04EC0-301F-11D3-BF4B-00C04F79EFBC}") = "YourDollar.API.Infrastructure", "YourDollar.API.Infrastructure\YourDollar.API.Infrastructure.csproj", "{BF39C392-C8F5-4B8D-8B82-F661698F0385}"
EndProject
Project("{FAE04EC0-301F-11D3-BF4B-00C04F79EFBC}") = "YourDollar.API.Tests", "YourDollar.API.Tests\YourDollar.API.Tests.csproj", "{DF31CF00-3608-4899-B933-31BA345E82EE}"
EndProject
Global
	GlobalSection(SolutionConfigurationPlatforms) = preSolution
		Debug|Any CPU = Debug|Any CPU
		Release|Any CPU = Release|Any CPU
	EndGlobalSection
	GlobalSection(ProjectConfigurationPlatforms) = postSolution
		{C71251F1-80BC-4826-9B0E-49ADBF594A3E}.Debug|Any CPU.ActiveCfg = Debug|Any CPU
		{C71251F1-80BC-4826-9B0E-49ADBF594A3E}.Debug|Any CPU.Build.0 = Debug|Any CPU
		{C71251F1-80BC-4826-9B0E-49ADBF594A3E}.Release|Any CPU.ActiveCfg = Release|Any CPU
		{C71251F1-80BC-4826-9B0E-49ADBF594A3E}.Release|Any CPU.Build.0 = Release|Any CPU
		{9C9FC14C-EA18-411C-AC22-1EF427D93C36}.Debug|Any CPU.ActiveCfg = Debug|Any CPU
		{9C9FC14C-EA18-411C-AC22-1EF427D93C36}.Debug|Any CPU.Build.0 = Debug|Any CPU
		{9C9FC14C-EA18-411C-AC22-1EF427D93C36}.Release|Any CPU.ActiveCfg = Release|Any CPU
		{9C9FC14C-EA18-411C-AC22-1EF427D93C36}.Release|Any CPU.Build.0 = Release|Any CPU
		{BF39C392-C8F5-4B8D-8B82-F661698F0385}.Debug|Any CPU.ActiveCfg = Debug|Any CPU
		{BF39C392-C8F5-4B8D-8B82-F661698F0385}.Debug|Any CPU.Build.0 = Debug|Any CPU
		{BF39C392-C8F5-4B8D-8B82-F661698F0385}.Release|Any CPU.ActiveCfg = Release|Any CPU
		{BF39C392-C8F5-4B8D-8B82-F661698F0385}.Release|Any CPU.Build.0 = Release|Any CPU
		{DF31CF00-3608-4899-B933-31BA345E82EE}.Debug|Any CPU.ActiveCfg = Debug|Any CPU
		{DF31CF00-3608-4899-B933-31BA345E82EE}.Debug|Any CPU.Build.0 = Debug|Any CPU
		{DF31CF00-3608-4899-B933-31BA345E82EE}.Release|Any CPU.ActiveCfg = Release|Any CPU
		{DF31CF00-3608-4899-B933-31BA345E82EE}.Release|Any CPU.Build.0 = Release|Any CPU
	EndGlobalSection
	GlobalSection(SolutionProperties) = preSolution
		HideSolutionNode = FALSE
	EndGlobalSection
	GlobalSection(ExtensibilityGlobals) = postSolution
		SolutionGuid = {27F0732D-171C-4662-9825-B40CD439A032}
	EndGlobalSection
EndGlobal
